// !$*UTF8*$!
{
	archiveVersion = 1;
	classes = {
	};
	objectVersion = 48;
	objects = {

/* Begin PBXBuildFile section */
		881D9E753FC0D787574D0745 /* Pods_MoneyBee.framework in Frameworks */ = {isa = PBXBuildFile; fileRef = 79DB782BC528F8418BCC9335 /* Pods_MoneyBee.framework */; };
		D300B6E6207817EC00A311C1 /* AppDelegate.swift in Sources */ = {isa = PBXBuildFile; fileRef = D300B6E5207817EC00A311C1 /* AppDelegate.swift */; };
		D300B6E8207817EC00A311C1 /* WelcomeViewController.swift in Sources */ = {isa = PBXBuildFile; fileRef = D300B6E7207817EC00A311C1 /* WelcomeViewController.swift */; };
		D300B6EB207817EC00A311C1 /* Main.storyboard in Resources */ = {isa = PBXBuildFile; fileRef = D300B6E9207817EC00A311C1 /* Main.storyboard */; };
		D300B6ED207817EC00A311C1 /* Assets.xcassets in Resources */ = {isa = PBXBuildFile; fileRef = D300B6EC207817EC00A311C1 /* Assets.xcassets */; };
		D300B6F0207817EC00A311C1 /* LaunchScreen.storyboard in Resources */ = {isa = PBXBuildFile; fileRef = D300B6EE207817EC00A311C1 /* LaunchScreen.storyboard */; };
		D300B6FF207826B200A311C1 /* LoginViewController.swift in Sources */ = {isa = PBXBuildFile; fileRef = D300B6FE207826B200A311C1 /* LoginViewController.swift */; };
		D300B701207826CC00A311C1 /* RegisterViewController.swift in Sources */ = {isa = PBXBuildFile; fileRef = D300B700207826CC00A311C1 /* RegisterViewController.swift */; };
		D300B703207830B100A311C1 /* SuccessViewController.swift in Sources */ = {isa = PBXBuildFile; fileRef = D300B702207830B100A311C1 /* SuccessViewController.swift */; };
		D38D10912078D4280098C92F /* GoogleService-Info.plist in Resources */ = {isa = PBXBuildFile; fileRef = D38D10902078D4280098C92F /* GoogleService-Info.plist */; };
		D38D10932078D6A10098C92F /* SwipeTableViewController.swift in Sources */ = {isa = PBXBuildFile; fileRef = D38D10922078D6A10098C92F /* SwipeTableViewController.swift */; };
		D38D10952078D6DD0098C92F /* DailySpendingTableViewController.swift in Sources */ = {isa = PBXBuildFile; fileRef = D38D10942078D6DD0098C92F /* DailySpendingTableViewController.swift */; };
/* End PBXBuildFile section */

/* Begin PBXFileReference section */
		4A8489E71146D358885BEEB8 /* Pods-MoneyBee.debug.xcconfig */ = {isa = PBXFileReference; includeInIndex = 1; lastKnownFileType = text.xcconfig; name = "Pods-MoneyBee.debug.xcconfig"; path = "Pods/Target Support Files/Pods-MoneyBee/Pods-MoneyBee.debug.xcconfig"; sourceTree = "<group>"; };
		79DB782BC528F8418BCC9335 /* Pods_MoneyBee.framework */ = {isa = PBXFileReference; explicitFileType = wrapper.framework; includeInIndex = 0; path = Pods_MoneyBee.framework; sourceTree = BUILT_PRODUCTS_DIR; };
		A9228D2993069521A222C94C /* Pods-MoneyBee.release.xcconfig */ = {isa = PBXFileReference; includeInIndex = 1; lastKnownFileType = text.xcconfig; name = "Pods-MoneyBee.release.xcconfig"; path = "Pods/Target Support Files/Pods-MoneyBee/Pods-MoneyBee.release.xcconfig"; sourceTree = "<group>"; };
		D300B6E2207817EC00A311C1 /* MoneyBee.app */ = {isa = PBXFileReference; explicitFileType = wrapper.application; includeInIndex = 0; path = MoneyBee.app; sourceTree = BUILT_PRODUCTS_DIR; };
		D300B6E5207817EC00A311C1 /* AppDelegate.swift */ = {isa = PBXFileReference; lastKnownFileType = sourcecode.swift; path = AppDelegate.swift; sourceTree = "<group>"; };
		D300B6E7207817EC00A311C1 /* WelcomeViewController.swift */ = {isa = PBXFileReference; lastKnownFileType = sourcecode.swift; path = WelcomeViewController.swift; sourceTree = "<group>"; };
		D300B6EA207817EC00A311C1 /* Base */ = {isa = PBXFileReference; lastKnownFileType = file.storyboard; name = Base; path = Base.lproj/Main.storyboard; sourceTree = "<group>"; };
		D300B6EC207817EC00A311C1 /* Assets.xcassets */ = {isa = PBXFileReference; lastKnownFileType = folder.assetcatalog; path = Assets.xcassets; sourceTree = "<group>"; };
		D300B6EF207817EC00A311C1 /* Base */ = {isa = PBXFileReference; lastKnownFileType = file.storyboard; name = Base; path = Base.lproj/LaunchScreen.storyboard; sourceTree = "<group>"; };
		D300B6F1207817EC00A311C1 /* Info.plist */ = {isa = PBXFileReference; lastKnownFileType = text.plist.xml; path = Info.plist; sourceTree = "<group>"; };
		D300B6FE207826B200A311C1 /* LoginViewController.swift */ = {isa = PBXFileReference; lastKnownFileType = sourcecode.swift; path = LoginViewController.swift; sourceTree = "<group>"; };
		D300B700207826CC00A311C1 /* RegisterViewController.swift */ = {isa = PBXFileReference; lastKnownFileType = sourcecode.swift; path = RegisterViewController.swift; sourceTree = "<group>"; };
		D300B702207830B100A311C1 /* SuccessViewController.swift */ = {isa = PBXFileReference; lastKnownFileType = sourcecode.swift; path = SuccessViewController.swift; sourceTree = "<group>"; };
		D38D10902078D4280098C92F /* GoogleService-Info.plist */ = {isa = PBXFileReference; fileEncoding = 4; lastKnownFileType = text.plist.xml; path = "GoogleService-Info.plist"; sourceTree = "<group>"; };
		D38D10922078D6A10098C92F /* SwipeTableViewController.swift */ = {isa = PBXFileReference; lastKnownFileType = sourcecode.swift; path = SwipeTableViewController.swift; sourceTree = "<group>"; };
		D38D10942078D6DD0098C92F /* DailySpendingTableViewController.swift */ = {isa = PBXFileReference; lastKnownFileType = sourcecode.swift; path = DailySpendingTableViewController.swift; sourceTree = "<group>"; };
/* End PBXFileReference section */

/* Begin PBXFrameworksBuildPhase section */
		D300B6DF207817EC00A311C1 /* Frameworks */ = {
			isa = PBXFrameworksBuildPhase;
			buildActionMask = 2147483647;
			files = (
				881D9E753FC0D787574D0745 /* Pods_MoneyBee.framework in Frameworks */,
			);
			runOnlyForDeploymentPostprocessing = 0;
		};
/* End PBXFrameworksBuildPhase section */

/* Begin PBXGroup section */
		CA09FC2C41E0838D78AF7863 /* Frameworks */ = {
			isa = PBXGroup;
			children = (
				79DB782BC528F8418BCC9335 /* Pods_MoneyBee.framework */,
			);
			name = Frameworks;
			sourceTree = "<group>";
		};
		D300B6D9207817EC00A311C1 = {
			isa = PBXGroup;
			children = (
				D300B6E4207817EC00A311C1 /* MoneyBee */,
				D300B6E3207817EC00A311C1 /* Products */,
				E3FE78A8C84A3173BE0A41E3 /* Pods */,
				CA09FC2C41E0838D78AF7863 /* Frameworks */,
			);
			sourceTree = "<group>";
		};
		D300B6E3207817EC00A311C1 /* Products */ = {
			isa = PBXGroup;
			children = (
				D300B6E2207817EC00A311C1 /* MoneyBee.app */,
			);
			name = Products;
			sourceTree = "<group>";
		};
		D300B6E4207817EC00A311C1 /* MoneyBee */ = {
			isa = PBXGroup;
			children = (
				D300B6FB20781C7100A311C1 /* Model */,
				D300B6FA20781C6700A311C1 /* Controllers */,
				D300B6F920781C5900A311C1 /* Views */,
				D300B6EC207817EC00A311C1 /* Assets.xcassets */,
				D300B6EE207817EC00A311C1 /* LaunchScreen.storyboard */,
				D300B6F1207817EC00A311C1 /* Info.plist */,
				D38D10902078D4280098C92F /* GoogleService-Info.plist */,
			);
			path = MoneyBee;
			sourceTree = "<group>";
		};
		D300B6F920781C5900A311C1 /* Views */ = {
			isa = PBXGroup;
			children = (
				D300B6E9207817EC00A311C1 /* Main.storyboard */,
			);
			path = Views;
			sourceTree = "<group>";
		};
		D300B6FA20781C6700A311C1 /* Controllers */ = {
			isa = PBXGroup;
			children = (
				D300B6E5207817EC00A311C1 /* AppDelegate.swift */,
				D300B6E7207817EC00A311C1 /* WelcomeViewController.swift */,
				D300B6FE207826B200A311C1 /* LoginViewController.swift */,
				D300B700207826CC00A311C1 /* RegisterViewController.swift */,
				D300B702207830B100A311C1 /* SuccessViewController.swift */,
				D38D10922078D6A10098C92F /* SwipeTableViewController.swift */,
				D38D10942078D6DD0098C92F /* DailySpendingTableViewController.swift */,
			);
			path = Controllers;
			sourceTree = "<group>";
		};
		D300B6FB20781C7100A311C1 /* Model */ = {
			isa = PBXGroup;
			children = (
			);
			path = Model;
			sourceTree = "<group>";
		};
		E3FE78A8C84A3173BE0A41E3 /* Pods */ = {
			isa = PBXGroup;
			children = (
				4A8489E71146D358885BEEB8 /* Pods-MoneyBee.debug.xcconfig */,
				A9228D2993069521A222C94C /* Pods-MoneyBee.release.xcconfig */,
			);
			name = Pods;
			sourceTree = "<group>";
		};
/* End PBXGroup section */

/* Begin PBXNativeTarget section */
		D300B6E1207817EC00A311C1 /* MoneyBee */ = {
			isa = PBXNativeTarget;
			buildConfigurationList = D300B6F4207817EC00A311C1 /* Build configuration list for PBXNativeTarget "MoneyBee" */;
			buildPhases = (
				CEE8F60C70E168CB0B52160B /* [CP] Check Pods Manifest.lock */,
				D300B6DE207817EC00A311C1 /* Sources */,
				D300B6DF207817EC00A311C1 /* Frameworks */,
				D300B6E0207817EC00A311C1 /* Resources */,
				E3A500C39F7660FA8F1688D8 /* [CP] Embed Pods Frameworks */,
				921FA79C60032E3120FFF569 /* [CP] Copy Pods Resources */,
			);
			buildRules = (
			);
			dependencies = (
			);
			name = MoneyBee;
			productName = MoneyBee;
			productReference = D300B6E2207817EC00A311C1 /* MoneyBee.app */;
			productType = "com.apple.product-type.application";
		};
/* End PBXNativeTarget section */

/* Begin PBXProject section */
		D300B6DA207817EC00A311C1 /* Project object */ = {
			isa = PBXProject;
			attributes = {
				LastSwiftUpdateCheck = 0920;
				LastUpgradeCheck = 0920;
				ORGANIZATIONNAME = theghost;
				TargetAttributes = {
					D300B6E1207817EC00A311C1 = {
						CreatedOnToolsVersion = 9.2;
						ProvisioningStyle = Automatic;
					};
				};
			};
			buildConfigurationList = D300B6DD207817EC00A311C1 /* Build configuration list for PBXProject "MoneyBee" */;
			compatibilityVersion = "Xcode 8.0";
			developmentRegion = en;
			hasScannedForEncodings = 0;
			knownRegions = (
				en,
				Base,
			);
			mainGroup = D300B6D9207817EC00A311C1;
			productRefGroup = D300B6E3207817EC00A311C1 /* Products */;
			projectDirPath = "";
			projectRoot = "";
			targets = (
				D300B6E1207817EC00A311C1 /* MoneyBee */,
			);
		};
/* End PBXProject section */

/* Begin PBXResourcesBuildPhase section */
		D300B6E0207817EC00A311C1 /* Resources */ = {
			isa = PBXResourcesBuildPhase;
			buildActionMask = 2147483647;
			files = (
				D300B6F0207817EC00A311C1 /* LaunchScreen.storyboard in Resources */,
				D38D10912078D4280098C92F /* GoogleService-Info.plist in Resources */,
				D300B6ED207817EC00A311C1 /* Assets.xcassets in Resources */,
				D300B6EB207817EC00A311C1 /* Main.storyboard in Resources */,
			);
			runOnlyForDeploymentPostprocessing = 0;
		};
/* End PBXResourcesBuildPhase section */

/* Begin PBXShellScriptBuildPhase section */
		921FA79C60032E3120FFF569 /* [CP] Copy Pods Resources */ = {
			isa = PBXShellScriptBuildPhase;
			buildActionMask = 2147483647;
			files = (
			);
			inputPaths = (
			);
			name = "[CP] Copy Pods Resources";
			outputPaths = (
			);
			runOnlyForDeploymentPostprocessing = 0;
			shellPath = /bin/sh;
			shellScript = "\"${SRCROOT}/Pods/Target Support Files/Pods-MoneyBee/Pods-MoneyBee-resources.sh\"\n";
			showEnvVarsInLog = 0;
		};
		CEE8F60C70E168CB0B52160B /* [CP] Check Pods Manifest.lock */ = {
			isa = PBXShellScriptBuildPhase;
			buildActionMask = 2147483647;
			files = (
			);
			inputPaths = (
				"${PODS_PODFILE_DIR_PATH}/Podfile.lock",
				"${PODS_ROOT}/Manifest.lock",
			);
			name = "[CP] Check Pods Manifest.lock";
			outputPaths = (
				"$(DERIVED_FILE_DIR)/Pods-MoneyBee-checkManifestLockResult.txt",
			);
			runOnlyForDeploymentPostprocessing = 0;
			shellPath = /bin/sh;
			shellScript = "diff \"${PODS_PODFILE_DIR_PATH}/Podfile.lock\" \"${PODS_ROOT}/Manifest.lock\" > /dev/null\nif [ $? != 0 ] ; then\n    # print error to STDERR\n    echo \"error: The sandbox is not in sync with the Podfile.lock. Run 'pod install' or update your CocoaPods installation.\" >&2\n    exit 1\nfi\n# This output is used by Xcode 'outputs' to avoid re-running this script phase.\necho \"SUCCESS\" > \"${SCRIPT_OUTPUT_FILE_0}\"\n";
			showEnvVarsInLog = 0;
		};
		E3A500C39F7660FA8F1688D8 /* [CP] Embed Pods Frameworks */ = {
			isa = PBXShellScriptBuildPhase;
			buildActionMask = 2147483647;
			files = (
			);
			inputPaths = (
				"${SRCROOT}/Pods/Target Support Files/Pods-MoneyBee/Pods-MoneyBee-frameworks.sh",
				"${BUILT_PRODUCTS_DIR}/ChameleonFramework/ChameleonFramework.framework",
				"${BUILT_PRODUCTS_DIR}/GTMSessionFetcher/GTMSessionFetcher.framework",
				"${BUILT_PRODUCTS_DIR}/GoogleToolboxForMac/GoogleToolboxForMac.framework",
				"${BUILT_PRODUCTS_DIR}/SwipeCellKit/SwipeCellKit.framework",
				"${BUILT_PRODUCTS_DIR}/nanopb/nanopb.framework",
			);
			name = "[CP] Embed Pods Frameworks";
			outputPaths = (
				"${TARGET_BUILD_DIR}/${FRAMEWORKS_FOLDER_PATH}/ChameleonFramework.framework",
				"${TARGET_BUILD_DIR}/${FRAMEWORKS_FOLDER_PATH}/GTMSessionFetcher.framework",
				"${TARGET_BUILD_DIR}/${FRAMEWORKS_FOLDER_PATH}/GoogleToolboxForMac.framework",
				"${TARGET_BUILD_DIR}/${FRAMEWORKS_FOLDER_PATH}/SwipeCellKit.framework",
				"${TARGET_BUILD_DIR}/${FRAMEWORKS_FOLDER_PATH}/nanopb.framework",
			);
			runOnlyForDeploymentPostprocessing = 0;
			shellPath = /bin/sh;
			shellScript = "\"${SRCROOT}/Pods/Target Support Files/Pods-MoneyBee/Pods-MoneyBee-frameworks.sh\"\n";
			showEnvVarsInLog = 0;
		};
/* End PBXShellScriptBuildPhase section */

/* Begin PBXSourcesBuildPhase section */
		D300B6DE207817EC00A311C1 /* Sources */ = {
			isa = PBXSourcesBuildPhase;
			buildActionMask = 2147483647;
			files = (
				D300B6FF207826B200A311C1 /* LoginViewController.swift in Sources */,
				D300B6E8207817EC00A311C1 /* WelcomeViewController.swift in Sources */,
				D300B6E6207817EC00A311C1 /* AppDelegate.swift in Sources */,
				D38D10932078D6A10098C92F /* SwipeTableViewController.swift in Sources */,
				D38D10952078D6DD0098C92F /* DailySpendingTableViewController.swift in Sources */,
				D300B703207830B100A311C1 /* SuccessViewController.swift in Sources */,
				D300B701207826CC00A311C1 /* RegisterViewController.swift in Sources */,
			);
			runOnlyForDeploymentPostprocessing = 0;
		};
/* End PBXSourcesBuildPhase section */

/* Begin PBXVariantGroup section */
		D300B6E9207817EC00A311C1 /* Main.storyboard */ = {
			isa = PBXVariantGroup;
			children = (
				D300B6EA207817EC00A311C1 /* Base */,
			);
			name = Main.storyboard;
			sourceTree = "<group>";
		};
		D300B6EE207817EC00A311C1 /* LaunchScreen.storyboard */ = {
			isa = PBXVariantGroup;
			children = (
				D300B6EF207817EC00A311C1 /* Base */,
			);
			name = LaunchScreen.storyboard;
			sourceTree = "<group>";
		};
/* End PBXVariantGroup section */

/* Begin XCBuildConfiguration section */
		D300B6F2207817EC00A311C1 /* Debug */ = {
			isa = XCBuildConfiguration;
			buildSettings = {
				ALWAYS_SEARCH_USER_PATHS = NO;
				CLANG_ANALYZER_NONNULL = YES;
				CLANG_ANALYZER_NUMBER_OBJECT_CONVERSION = YES_AGGRESSIVE;
				CLANG_CXX_LANGUAGE_STANDARD = "gnu++14";
				CLANG_CXX_LIBRARY = "libc++";
				CLANG_ENABLE_MODULES = YES;
				CLANG_ENABLE_OBJC_ARC = YES;
				CLANG_WARN_BLOCK_CAPTURE_AUTORELEASING = YES;
				CLANG_WARN_BOOL_CONVERSION = YES;
				CLANG_WARN_COMMA = YES;
				CLANG_WARN_CONSTANT_CONVERSION = YES;
				CLANG_WARN_DIRECT_OBJC_ISA_USAGE = YES_ERROR;
				CLANG_WARN_DOCUMENTATION_COMMENTS = YES;
				CLANG_WARN_EMPTY_BODY = YES;
				CLANG_WARN_ENUM_CONVERSION = YES;
				CLANG_WARN_INFINITE_RECURSION = YES;
				CLANG_WARN_INT_CONVERSION = YES;
				CLANG_WARN_NON_LITERAL_NULL_CONVERSION = YES;
				CLANG_WARN_OBJC_LITERAL_CONVERSION = YES;
				CLANG_WARN_OBJC_ROOT_CLASS = YES_ERROR;
				CLANG_WARN_RANGE_LOOP_ANALYSIS = YES;
				CLANG_WARN_STRICT_PROTOTYPES = YES;
				CLANG_WARN_SUSPICIOUS_MOVE = YES;
				CLANG_WARN_UNGUARDED_AVAILABILITY = YES_AGGRESSIVE;
				CLANG_WARN_UNREACHABLE_CODE = YES;
				CLANG_WARN__DUPLICATE_METHOD_MATCH = YES;
				CODE_SIGN_IDENTITY = "iPhone Developer";
				COPY_PHASE_STRIP = NO;
				DEBUG_INFORMATION_FORMAT = dwarf;
				ENABLE_STRICT_OBJC_MSGSEND = YES;
				ENABLE_TESTABILITY = YES;
				GCC_C_LANGUAGE_STANDARD = gnu11;
				GCC_DYNAMIC_NO_PIC = NO;
				GCC_NO_COMMON_BLOCKS = YES;
				GCC_OPTIMIZATION_LEVEL = 0;
				GCC_PREPROCESSOR_DEFINITIONS = (
					"DEBUG=1",
					"$(inherited)",
				);
				GCC_WARN_64_TO_32_BIT_CONVERSION = YES;
				GCC_WARN_ABOUT_RETURN_TYPE = YES_ERROR;
				GCC_WARN_UNDECLARED_SELECTOR = YES;
				GCC_WARN_UNINITIALIZED_AUTOS = YES_AGGRESSIVE;
				GCC_WARN_UNUSED_FUNCTION = YES;
				GCC_WARN_UNUSED_VARIABLE = YES;
				IPHONEOS_DEPLOYMENT_TARGET = 11.2;
				MTL_ENABLE_DEBUG_INFO = YES;
				ONLY_ACTIVE_ARCH = YES;
				SDKROOT = iphoneos;
				SWIFT_ACTIVE_COMPILATION_CONDITIONS = DEBUG;
				SWIFT_OPTIMIZATION_LEVEL = "-Onone";
			};
			name = Debug;
		};
		D300B6F3207817EC00A311C1 /* Release */ = {
			isa = XCBuildConfiguration;
			buildSettings = {
				ALWAYS_SEARCH_USER_PATHS = NO;
				CLANG_ANALYZER_NONNULL = YES;
				CLANG_ANALYZER_NUMBER_OBJECT_CONVERSION = YES_AGGRESSIVE;
				CLANG_CXX_LANGUAGE_STANDARD = "gnu++14";
				CLANG_CXX_LIBRARY = "libc++";
				CLANG_ENABLE_MODULES = YES;
				CLANG_ENABLE_OBJC_ARC = YES;
				CLANG_WARN_BLOCK_CAPTURE_AUTORELEASING = YES;
				CLANG_WARN_BOOL_CONVERSION = YES;
				CLANG_WARN_COMMA = YES;
				CLANG_WARN_CONSTANT_CONVERSION = YES;
				CLANG_WARN_DIRECT_OBJC_ISA_USAGE = YES_ERROR;
				CLANG_WARN_DOCUMENTATION_COMMENTS = YES;
				CLANG_WARN_EMPTY_BODY = YES;
				CLANG_WARN_ENUM_CONVERSION = YES;
				CLANG_WARN_INFINITE_RECURSION = YES;
				CLANG_WARN_INT_CONVERSION = YES;
				CLANG_WARN_NON_LITERAL_NULL_CONVERSION = YES;
				CLANG_WARN_OBJC_LITERAL_CONVERSION = YES;
				CLANG_WARN_OBJC_ROOT_CLASS = YES_ERROR;
				CLANG_WARN_RANGE_LOOP_ANALYSIS = YES;
				CLANG_WARN_STRICT_PROTOTYPES = YES;
				CLANG_WARN_SUSPICIOUS_MOVE = YES;
				CLANG_WARN_UNGUARDED_AVAILABILITY = YES_AGGRESSIVE;
				CLANG_WARN_UNREACHABLE_CODE = YES;
				CLANG_WARN__DUPLICATE_METHOD_MATCH = YES;
				CODE_SIGN_IDENTITY = "iPhone Developer";
				COPY_PHASE_STRIP = NO;
				DEBUG_INFORMATION_FORMAT = "dwarf-with-dsym";
				ENABLE_NS_ASSERTIONS = NO;
				ENABLE_STRICT_OBJC_MSGSEND = YES;
				GCC_C_LANGUAGE_STANDARD = gnu11;
				GCC_NO_COMMON_BLOCKS = YES;
				GCC_WARN_64_TO_32_BIT_CONVERSION = YES;
				GCC_WARN_ABOUT_RETURN_TYPE = YES_ERROR;
				GCC_WARN_UNDECLARED_SELECTOR = YES;
				GCC_WARN_UNINITIALIZED_AUTOS = YES_AGGRESSIVE;
				GCC_WARN_UNUSED_FUNCTION = YES;
				GCC_WARN_UNUSED_VARIABLE = YES;
				IPHONEOS_DEPLOYMENT_TARGET = 11.2;
				MTL_ENABLE_DEBUG_INFO = NO;
				SDKROOT = iphoneos;
				SWIFT_OPTIMIZATION_LEVEL = "-Owholemodule";
				VALIDATE_PRODUCT = YES;
			};
			name = Release;
		};
		D300B6F5207817EC00A311C1 /* Debug */ = {
			isa = XCBuildConfiguration;
			baseConfigurationReference = 4A8489E71146D358885BEEB8 /* Pods-MoneyBee.debug.xcconfig */;
			buildSettings = {
				ASSETCATALOG_COMPILER_APPICON_NAME = AppIcon;
				CODE_SIGN_STYLE = Automatic;
				DEVELOPMENT_TEAM = ZU78LZES28;
				INFOPLIST_FILE = MoneyBee/Info.plist;
				LD_RUNPATH_SEARCH_PATHS = "$(inherited) @executable_path/Frameworks";
				PRODUCT_BUNDLE_IDENTIFIER = com.theghost.MoneyBee;
				PRODUCT_NAME = "$(TARGET_NAME)";
				SWIFT_VERSION = 4.0;
				TARGETED_DEVICE_FAMILY = 1;
			};
			name = Debug;
		};
		D300B6F6207817EC00A311C1 /* Release */ = {
			isa = XCBuildConfiguration;
			baseConfigurationReference = A9228D2993069521A222C94C /* Pods-MoneyBee.release.xcconfig */;
			buildSettings = {
				ASSETCATALOG_COMPILER_APPICON_NAME = AppIcon;
				CODE_SIGN_STYLE = Automatic;
				DEVELOPMENT_TEAM = ZU78LZES28;
				INFOPLIST_FILE = MoneyBee/Info.plist;
				LD_RUNPATH_SEARCH_PATHS = "$(inherited) @executable_path/Frameworks";
				PRODUCT_BUNDLE_IDENTIFIER = com.theghost.MoneyBee;
				PRODUCT_NAME = "$(TARGET_NAME)";
				SWIFT_VERSION = 4.0;
				TARGETED_DEVICE_FAMILY = 1;
			};
			name = Release;
		};
/* End XCBuildConfiguration section */

/* Begin XCConfigurationList section */
		D300B6DD207817EC00A311C1 /* Build configuration list for PBXProject "MoneyBee" */ = {
			isa = XCConfigurationList;
			buildConfigurations = (
				D300B6F2207817EC00A311C1 /* Debug */,
				D300B6F3207817EC00A311C1 /* Release */,
			);
			defaultConfigurationIsVisible = 0;
			defaultConfigurationName = Release;
		};
		D300B6F4207817EC00A311C1 /* Build configuration list for PBXNativeTarget "MoneyBee" */ = {
			isa = XCConfigurationList;
			buildConfigurations = (
				D300B6F5207817EC00A311C1 /* Debug */,
				D300B6F6207817EC00A311C1 /* Release */,
			);
			defaultConfigurationIsVisible = 0;
			defaultConfigurationName = Release;
		};
/* End XCConfigurationList section */
	};
	rootObject = D300B6DA207817EC00A311C1 /* Project object */;
}
